
Microsoft Visual Studio Solution File, Format Version 12.00
# Visual Studio 2013
VisualStudioVersion = 12.0.31101.0
MinimumVisualStudioVersion = 10.0.40219.1
Project("{FAE04EC0-301F-11D3-BF4B-00C04F79EFBC}") = "BizTalkComponents.PipelineComponents.PromoteConstantValues", "src\PromoteConstantValues\BizTalkComponents.PipelineComponents.PromoteConstantValues.csproj", "{BB8C9815-0A55-4792-B793-209B5B027FEC}"
EndProject
Project("{FAE04EC0-301F-11D3-BF4B-00C04F79EFBC}") = "BizTalkComponents.PipelineComponents.PromoteConstantValues.Tests.UnitTests", "Tests\UnitTests\BizTalkComponents.PipelineComponents.PromoteConstantValues.Tests.UnitTests.csproj", "{DC6188DD-8D8F-4933-95EB-8DE20883EEAD}"
EndProject
Global
	GlobalSection(SolutionConfigurationPlatforms) = preSolution
		Debug|Any CPU = Debug|Any CPU
		Release|Any CPU = Release|Any CPU
	EndGlobalSection
	GlobalSection(ProjectConfigurationPlatforms) = postSolution
		{BB8C9815-0A55-4792-B793-209B5B027FEC}.Debug|Any CPU.ActiveCfg = Debug|Any CPU
		{BB8C9815-0A55-4792-B793-209B5B027FEC}.Debug|Any CPU.Build.0 = Debug|Any CPU
		{BB8C9815-0A55-4792-B793-209B5B027FEC}.Release|Any CPU.ActiveCfg = Release|Any CPU
		{BB8C9815-0A55-4792-B793-209B5B027FEC}.Release|Any CPU.Build.0 = Release|Any CPU
		{DC6188DD-8D8F-4933-95EB-8DE20883EEAD}.Debug|Any CPU.ActiveCfg = Debug|Any CPU
		{DC6188DD-8D8F-4933-95EB-8DE20883EEAD}.Debug|Any CPU.Build.0 = Debug|Any CPU
		{DC6188DD-8D8F-4933-95EB-8DE20883EEAD}.Release|Any CPU.ActiveCfg = Release|Any CPU
		{DC6188DD-8D8F-4933-95EB-8DE20883EEAD}.Release|Any CPU.Build.0 = Release|Any CPU
	EndGlobalSection
	GlobalSection(SolutionProperties) = preSolution
		HideSolutionNode = FALSE
	EndGlobalSection
EndGlobal
